
Microsoft Visual Studio Solution File, Format Version 10.00
# Visual Studio 2008
Project("{FAE04EC0-301F-11D3-BF4B-00C04F79EFBC}") = "RobotControl", "RobotControl\RobotControl.csproj", "{2367809C-C1C0-46FF-9BA1-24D9B73DA2D8}"
EndProject
Project("{FAE04EC0-301F-11D3-BF4B-00C04F79EFBC}") = "RobotUI", "RobotUI\RobotUI.csproj", "{5703687F-88F2-4A96-A96A-11303F42CB37}"
EndProject
Project("{FAE04EC0-301F-11D3-BF4B-00C04F79EFBC}") = "ConsoleCE", "ConsoleCE\ConsoleCE.csproj", "{D40D7B0E-1978-4679-9FEB-0B7ECEBDF5B4}"
EndProject
Project("{FAE04EC0-301F-11D3-BF4B-00C04F79EFBC}") = "ConsoleWin7", "ConsoleWin7\ConsoleWin7.csproj", "{E4255EEA-1790-48CD-8AA6-227B511E0148}"
EndProject
Project("{FAE04EC0-301F-11D3-BF4B-00C04F79EFBC}") = "RobotIO", "RobotIO\RobotIO.csproj", "{B0B9F3B6-AF34-4C73-B8BC-CBFFE61D81F2}"
EndProject
Project("{FAE04EC0-301F-11D3-BF4B-00C04F79EFBC}") = "MotorCE", "MotorCE\MotorCE.csproj", "{B62C8564-057A-4AFC-80BF-04257357F8BE}"
EndProject
Project("{FAE04EC0-301F-11D3-BF4B-00C04F79EFBC}") = "MotorWin7", "MotorWin7\MotorWin7.csproj", "{F6CDFA81-CBE9-448B-8B53-25AEBBE44202}"
EndProject
Project("{FAE04EC0-301F-11D3-BF4B-00C04F79EFBC}") = "DriveWin7", "DriveWin7\DriveWin7.csproj", "{645F3581-3D3C-453F-9A9D-FFFEA9EEC7AC}"
EndProject
Project("{FAE04EC0-301F-11D3-BF4B-00C04F79EFBC}") = "DriveCE", "DriveCE\DriveCE.csproj", "{9835A26B-158B-4F3A-8B89-2E66E8BD1045}"
EndProject
Project("{FAE04EC0-301F-11D3-BF4B-00C04F79EFBC}") = "WorldCE", "WorldCE\WorldCE.csproj", "{37A9E9E1-B07E-4705-8562-5F3B2CB76527}"
EndProject
Project("{FAE04EC0-301F-11D3-BF4B-00C04F79EFBC}") = "WorldWin7", "WorldWin7\WorldWin7.csproj", "{06F8BB43-3839-428A-A78E-A2C3FC54FD63}"
EndProject
Project("{FAE04EC0-301F-11D3-BF4B-00C04F79EFBC}") = "Testat1Win7", "Testat1Win7\Testat1Win7.csproj", "{C3A2FFA3-74DC-41A4-9903-FB802097DD1F}"
EndProject
Project("{FAE04EC0-301F-11D3-BF4B-00C04F79EFBC}") = "Testat1CE", "Testat1CE\Testat1CE.csproj", "{73C0F15F-8A83-4DC4-AB9C-E22395D1E0C8}"
EndProject
Project("{FAE04EC0-301F-11D3-BF4B-00C04F79EFBC}") = "DTServerCE", "DTServerCE\DTServerCE.csproj", "{D48E65DD-2F6F-4F50-9C53-853261EEAD3C}"
EndProject
Project("{FAE04EC0-301F-11D3-BF4B-00C04F79EFBC}") = "DTServerWin7", "DTServerWin7\DTServerWin7.csproj", "{8634CD3E-1ACA-4CCD-A884-89F526EAE796}"
EndProject
Global
	GlobalSection(SolutionConfigurationPlatforms) = preSolution
		Debug|Any CPU = Debug|Any CPU
		Release|Any CPU = Release|Any CPU
	EndGlobalSection
	GlobalSection(ProjectConfigurationPlatforms) = postSolution
		{2367809C-C1C0-46FF-9BA1-24D9B73DA2D8}.Debug|Any CPU.ActiveCfg = Debug|Any CPU
		{2367809C-C1C0-46FF-9BA1-24D9B73DA2D8}.Debug|Any CPU.Build.0 = Debug|Any CPU
		{2367809C-C1C0-46FF-9BA1-24D9B73DA2D8}.Release|Any CPU.ActiveCfg = Release|Any CPU
		{2367809C-C1C0-46FF-9BA1-24D9B73DA2D8}.Release|Any CPU.Build.0 = Release|Any CPU
		{5703687F-88F2-4A96-A96A-11303F42CB37}.Debug|Any CPU.ActiveCfg = Debug|Any CPU
		{5703687F-88F2-4A96-A96A-11303F42CB37}.Debug|Any CPU.Build.0 = Debug|Any CPU
		{5703687F-88F2-4A96-A96A-11303F42CB37}.Release|Any CPU.ActiveCfg = Release|Any CPU
		{5703687F-88F2-4A96-A96A-11303F42CB37}.Release|Any CPU.Build.0 = Release|Any CPU
		{D40D7B0E-1978-4679-9FEB-0B7ECEBDF5B4}.Debug|Any CPU.ActiveCfg = Debug|Any CPU
		{D40D7B0E-1978-4679-9FEB-0B7ECEBDF5B4}.Debug|Any CPU.Build.0 = Debug|Any CPU
		{D40D7B0E-1978-4679-9FEB-0B7ECEBDF5B4}.Debug|Any CPU.Deploy.0 = Debug|Any CPU
		{D40D7B0E-1978-4679-9FEB-0B7ECEBDF5B4}.Release|Any CPU.ActiveCfg = Release|Any CPU
		{D40D7B0E-1978-4679-9FEB-0B7ECEBDF5B4}.Release|Any CPU.Build.0 = Release|Any CPU
		{D40D7B0E-1978-4679-9FEB-0B7ECEBDF5B4}.Release|Any CPU.Deploy.0 = Release|Any CPU
		{E4255EEA-1790-48CD-8AA6-227B511E0148}.Debug|Any CPU.ActiveCfg = Debug|Any CPU
		{E4255EEA-1790-48CD-8AA6-227B511E0148}.Debug|Any CPU.Build.0 = Debug|Any CPU
		{E4255EEA-1790-48CD-8AA6-227B511E0148}.Release|Any CPU.ActiveCfg = Release|Any CPU
		{E4255EEA-1790-48CD-8AA6-227B511E0148}.Release|Any CPU.Build.0 = Release|Any CPU
		{B0B9F3B6-AF34-4C73-B8BC-CBFFE61D81F2}.Debug|Any CPU.ActiveCfg = Debug|Any CPU
		{B0B9F3B6-AF34-4C73-B8BC-CBFFE61D81F2}.Debug|Any CPU.Build.0 = Debug|Any CPU
		{B0B9F3B6-AF34-4C73-B8BC-CBFFE61D81F2}.Release|Any CPU.ActiveCfg = Release|Any CPU
		{B0B9F3B6-AF34-4C73-B8BC-CBFFE61D81F2}.Release|Any CPU.Build.0 = Release|Any CPU
		{B62C8564-057A-4AFC-80BF-04257357F8BE}.Debug|Any CPU.ActiveCfg = Debug|Any CPU
		{B62C8564-057A-4AFC-80BF-04257357F8BE}.Debug|Any CPU.Build.0 = Debug|Any CPU
		{B62C8564-057A-4AFC-80BF-04257357F8BE}.Debug|Any CPU.Deploy.0 = Debug|Any CPU
		{B62C8564-057A-4AFC-80BF-04257357F8BE}.Release|Any CPU.ActiveCfg = Release|Any CPU
		{B62C8564-057A-4AFC-80BF-04257357F8BE}.Release|Any CPU.Build.0 = Release|Any CPU
		{B62C8564-057A-4AFC-80BF-04257357F8BE}.Release|Any CPU.Deploy.0 = Release|Any CPU
		{F6CDFA81-CBE9-448B-8B53-25AEBBE44202}.Debug|Any CPU.ActiveCfg = Debug|Any CPU
		{F6CDFA81-CBE9-448B-8B53-25AEBBE44202}.Debug|Any CPU.Build.0 = Debug|Any CPU
		{F6CDFA81-CBE9-448B-8B53-25AEBBE44202}.Release|Any CPU.ActiveCfg = Release|Any CPU
		{F6CDFA81-CBE9-448B-8B53-25AEBBE44202}.Release|Any CPU.Build.0 = Release|Any CPU
		{645F3581-3D3C-453F-9A9D-FFFEA9EEC7AC}.Debug|Any CPU.ActiveCfg = Debug|Any CPU
		{645F3581-3D3C-453F-9A9D-FFFEA9EEC7AC}.Debug|Any CPU.Build.0 = Debug|Any CPU
		{645F3581-3D3C-453F-9A9D-FFFEA9EEC7AC}.Release|Any CPU.ActiveCfg = Release|Any CPU
		{645F3581-3D3C-453F-9A9D-FFFEA9EEC7AC}.Release|Any CPU.Build.0 = Release|Any CPU
		{9835A26B-158B-4F3A-8B89-2E66E8BD1045}.Debug|Any CPU.ActiveCfg = Debug|Any CPU
		{9835A26B-158B-4F3A-8B89-2E66E8BD1045}.Debug|Any CPU.Build.0 = Debug|Any CPU
		{9835A26B-158B-4F3A-8B89-2E66E8BD1045}.Debug|Any CPU.Deploy.0 = Debug|Any CPU
		{9835A26B-158B-4F3A-8B89-2E66E8BD1045}.Release|Any CPU.ActiveCfg = Release|Any CPU
		{9835A26B-158B-4F3A-8B89-2E66E8BD1045}.Release|Any CPU.Build.0 = Release|Any CPU
		{9835A26B-158B-4F3A-8B89-2E66E8BD1045}.Release|Any CPU.Deploy.0 = Release|Any CPU
		{37A9E9E1-B07E-4705-8562-5F3B2CB76527}.Debug|Any CPU.ActiveCfg = Debug|Any CPU
		{37A9E9E1-B07E-4705-8562-5F3B2CB76527}.Debug|Any CPU.Build.0 = Debug|Any CPU
		{37A9E9E1-B07E-4705-8562-5F3B2CB76527}.Debug|Any CPU.Deploy.0 = Debug|Any CPU
		{37A9E9E1-B07E-4705-8562-5F3B2CB76527}.Release|Any CPU.ActiveCfg = Release|Any CPU
		{37A9E9E1-B07E-4705-8562-5F3B2CB76527}.Release|Any CPU.Build.0 = Release|Any CPU
		{37A9E9E1-B07E-4705-8562-5F3B2CB76527}.Release|Any CPU.Deploy.0 = Release|Any CPU
		{06F8BB43-3839-428A-A78E-A2C3FC54FD63}.Debug|Any CPU.ActiveCfg = Debug|Any CPU
		{06F8BB43-3839-428A-A78E-A2C3FC54FD63}.Debug|Any CPU.Build.0 = Debug|Any CPU
		{06F8BB43-3839-428A-A78E-A2C3FC54FD63}.Release|Any CPU.ActiveCfg = Release|Any CPU
		{06F8BB43-3839-428A-A78E-A2C3FC54FD63}.Release|Any CPU.Build.0 = Release|Any CPU
		{C3A2FFA3-74DC-41A4-9903-FB802097DD1F}.Debug|Any CPU.ActiveCfg = Debug|Any CPU
		{C3A2FFA3-74DC-41A4-9903-FB802097DD1F}.Debug|Any CPU.Build.0 = Debug|Any CPU
		{C3A2FFA3-74DC-41A4-9903-FB802097DD1F}.Release|Any CPU.ActiveCfg = Release|Any CPU
		{C3A2FFA3-74DC-41A4-9903-FB802097DD1F}.Release|Any CPU.Build.0 = Release|Any CPU
		{73C0F15F-8A83-4DC4-AB9C-E22395D1E0C8}.Debug|Any CPU.ActiveCfg = Debug|Any CPU
		{73C0F15F-8A83-4DC4-AB9C-E22395D1E0C8}.Debug|Any CPU.Build.0 = Debug|Any CPU
		{73C0F15F-8A83-4DC4-AB9C-E22395D1E0C8}.Debug|Any CPU.Deploy.0 = Debug|Any CPU
		{73C0F15F-8A83-4DC4-AB9C-E22395D1E0C8}.Release|Any CPU.ActiveCfg = Release|Any CPU
		{73C0F15F-8A83-4DC4-AB9C-E22395D1E0C8}.Release|Any CPU.Build.0 = Release|Any CPU
		{73C0F15F-8A83-4DC4-AB9C-E22395D1E0C8}.Release|Any CPU.Deploy.0 = Release|Any CPU
		{D48E65DD-2F6F-4F50-9C53-853261EEAD3C}.Debug|Any CPU.ActiveCfg = Debug|Any CPU
		{D48E65DD-2F6F-4F50-9C53-853261EEAD3C}.Debug|Any CPU.Build.0 = Debug|Any CPU
		{D48E65DD-2F6F-4F50-9C53-853261EEAD3C}.Debug|Any CPU.Deploy.0 = Debug|Any CPU
		{D48E65DD-2F6F-4F50-9C53-853261EEAD3C}.Release|Any CPU.ActiveCfg = Release|Any CPU
		{D48E65DD-2F6F-4F50-9C53-853261EEAD3C}.Release|Any CPU.Build.0 = Release|Any CPU
		{D48E65DD-2F6F-4F50-9C53-853261EEAD3C}.Release|Any CPU.Deploy.0 = Release|Any CPU
		{8634CD3E-1ACA-4CCD-A884-89F526EAE796}.Debug|Any CPU.ActiveCfg = Debug|Any CPU
		{8634CD3E-1ACA-4CCD-A884-89F526EAE796}.Debug|Any CPU.Build.0 = Debug|Any CPU
		{8634CD3E-1ACA-4CCD-A884-89F526EAE796}.Release|Any CPU.ActiveCfg = Release|Any CPU
		{8634CD3E-1ACA-4CCD-A884-89F526EAE796}.Release|Any CPU.Build.0 = Release|Any CPU
	EndGlobalSection
	GlobalSection(SolutionProperties) = preSolution
		HideSolutionNode = FALSE
	EndGlobalSection
EndGlobal
